
Microsoft Visual Studio Solution File, Format Version 12.00
Project("{FAE04EC0-301F-11D3-BF4B-00C04F79EFBC}") = "BenchmarkWithIndex", "BenchmarkWithIndex\BenchmarkWithIndex.csproj", "{0527A219-D06B-4100-A4E3-D6906137494D}"
EndProject
Project("{2150E333-8FDC-42A3-9474-1A3956D46DE8}") = "_", "_", "{2B6F4954-6999-4152-809C-64538E0BC7BA}"
ProjectSection(SolutionItems) = preProject
	global.json = global.json
	README.md = README.md
EndProjectSection
EndProject
Global
	GlobalSection(SolutionConfigurationPlatforms) = preSolution
		Debug|Any CPU = Debug|Any CPU
		Release|Any CPU = Release|Any CPU
	EndGlobalSection
	GlobalSection(ProjectConfigurationPlatforms) = postSolution
		{0527A219-D06B-4100-A4E3-D6906137494D}.Debug|Any CPU.ActiveCfg = Debug|Any CPU
		{0527A219-D06B-4100-A4E3-D6906137494D}.Debug|Any CPU.Build.0 = Debug|Any CPU
		{0527A219-D06B-4100-A4E3-D6906137494D}.Release|Any CPU.ActiveCfg = Release|Any CPU
		{0527A219-D06B-4100-A4E3-D6906137494D}.Release|Any CPU.Build.0 = Release|Any CPU
	EndGlobalSection
EndGlobal
